# @generated by Move, please check-in and do not edit manually.

[move]
version = 1
manifest_digest = "C193CF0B4FA46AC98A127D3FAC1E6DA0F60B564D1DC83C3727AB51250218148B"
deps_digest = "F8BBB0CCB2491CA29A3DF03D6F92277A4F3574266507ACD77214D37ECA3F3082"
dependencies = [
  { name = "Sui" },
]

[[move.package]]
name = "MoveStdlib"
source = { git = "https://github.com/MystenLabs/sui.git", rev = "devnet", subdir = "crates/sui-framework/packages/move-stdlib" }

[[move.package]]
name = "Sui"
source = { git = "https://github.com/MystenLabs/sui.git", rev = "devnet", subdir = "crates/sui-framework/packages/sui-framework" }

dependencies = [
  { name = "MoveStdlib" },
]

[move.toolchain-version]
compiler-version = "1.24.0"
edition = "legacy"
flavor = "sui"

[env]

[env.testnet]
chain-id = "4c78adac"
original-published-id = "0x58c4174c4392cc921e134c1164c1dd622f13fb085cdbfaf0842b650a911b64cb"
latest-published-id = "0x58c4174c4392cc921e134c1164c1dd622f13fb085cdbfaf0842b650a911b64cb"
published-version = "1"

[env.devnet]
chain-id = "d29677eb"
original-published-id = "0x6dff1dbc9c29caf676c88691fb651208a5a53e73e70fcb116b63ed0030bbc5ab"
latest-published-id = "0x6dff1dbc9c29caf676c88691fb651208a5a53e73e70fcb116b63ed0030bbc5ab"
published-version = "1"
